
Microsoft Visual Studio Solution File, Format Version 12.00
# Visual Studio Version 17
VisualStudioVersion = 17.12.35506.116
MinimumVisualStudioVersion = 10.0.40219.1
Project("{FAE04EC0-301F-11D3-BF4B-00C04F79EFBC}") = "FSDProject1", "FSDProject1\FSDProject1.csproj", "{2E485CBB-B3BE-42EE-8751-E975692AD44F}"
EndProject
Global
	GlobalSection(SolutionConfigurationPlatforms) = preSolution
		Debug|Any CPU = Debug|Any CPU
		Release|Any CPU = Release|Any CPU
	EndGlobalSection
	GlobalSection(ProjectConfigurationPlatforms) = postSolution
		{2E485CBB-B3BE-42EE-8751-E975692AD44F}.Debug|Any CPU.ActiveCfg = Debug|Any CPU
		{2E485CBB-B3BE-42EE-8751-E975692AD44F}.Debug|Any CPU.Build.0 = Debug|Any CPU
		{2E485CBB-B3BE-42EE-8751-E975692AD44F}.Release|Any CPU.ActiveCfg = Release|Any CPU
		{2E485CBB-B3BE-42EE-8751-E975692AD44F}.Release|Any CPU.Build.0 = Release|Any CPU
	EndGlobalSection
	GlobalSection(SolutionProperties) = preSolution
		HideSolutionNode = FALSE
	EndGlobalSection
EndGlobal
